
Microsoft Visual Studio Solution File, Format Version 12.00
# Visual Studio 15
VisualStudioVersion = 15.0.28307.1169
MinimumVisualStudioVersion = 10.0.40219.1
Project("{9A19103F-16F7-4668-BE54-9A1E7A4F7556}") = "FirstApp", "FirstApp\FirstApp.csproj", "{115E5AF8-0843-4765-BF38-B4DDFF456604}"
EndProject
Project("{FAE04EC0-301F-11D3-BF4B-00C04F79EFBC}") = "TestProject", "TestProject\TestProject.csproj", "{4164F536-B68D-4142-B11D-5F0471634DDC}"
EndProject
Global
	GlobalSection(SolutionConfigurationPlatforms) = preSolution
		Debug|Any CPU = Debug|Any CPU
		Release|Any CPU = Release|Any CPU
	EndGlobalSection
	GlobalSection(ProjectConfigurationPlatforms) = postSolution
		{115E5AF8-0843-4765-BF38-B4DDFF456604}.Debug|Any CPU.ActiveCfg = Debug|Any CPU
		{115E5AF8-0843-4765-BF38-B4DDFF456604}.Debug|Any CPU.Build.0 = Debug|Any CPU
		{115E5AF8-0843-4765-BF38-B4DDFF456604}.Release|Any CPU.ActiveCfg = Release|Any CPU
		{115E5AF8-0843-4765-BF38-B4DDFF456604}.Release|Any CPU.Build.0 = Release|Any CPU
		{4164F536-B68D-4142-B11D-5F0471634DDC}.Debug|Any CPU.ActiveCfg = Debug|Any CPU
		{4164F536-B68D-4142-B11D-5F0471634DDC}.Debug|Any CPU.Build.0 = Debug|Any CPU
		{4164F536-B68D-4142-B11D-5F0471634DDC}.Release|Any CPU.ActiveCfg = Release|Any CPU
		{4164F536-B68D-4142-B11D-5F0471634DDC}.Release|Any CPU.Build.0 = Release|Any CPU
	EndGlobalSection
	GlobalSection(SolutionProperties) = preSolution
		HideSolutionNode = FALSE
	EndGlobalSection
	GlobalSection(ExtensibilityGlobals) = postSolution
		SolutionGuid = {BB9FAF59-5248-4C53-86AD-F1ACE6F3B14A}
	EndGlobalSection
EndGlobal
