
Microsoft Visual Studio Solution File, Format Version 12.00
# Visual Studio 15
VisualStudioVersion = 15.0.28307.1231
MinimumVisualStudioVersion = 10.0.40219.1
Project("{9A19103F-16F7-4668-BE54-9A1E7A4F7556}") = "FibonachiApp", "FibonachiApp\FibonachiApp.csproj", "{66596F05-5D87-4703-A814-233187F879BD}"
EndProject
Project("{9A19103F-16F7-4668-BE54-9A1E7A4F7556}") = "ComplexNumbers", "ComplexNumbers\ComplexNumbers.csproj", "{EBF1A451-5568-4157-978C-54AA67ABC8A0}"
EndProject
Project("{FAE04EC0-301F-11D3-BF4B-00C04F79EFBC}") = "GuessTheNumber", "GuessTheNumber\GuessTheNumber.csproj", "{640259C9-E246-453F-852D-5AE41F48B0C7}"
EndProject
Global
	GlobalSection(SolutionConfigurationPlatforms) = preSolution
		Debug|Any CPU = Debug|Any CPU
		Release|Any CPU = Release|Any CPU
	EndGlobalSection
	GlobalSection(ProjectConfigurationPlatforms) = postSolution
		{66596F05-5D87-4703-A814-233187F879BD}.Debug|Any CPU.ActiveCfg = Debug|Any CPU
		{66596F05-5D87-4703-A814-233187F879BD}.Debug|Any CPU.Build.0 = Debug|Any CPU
		{66596F05-5D87-4703-A814-233187F879BD}.Release|Any CPU.ActiveCfg = Release|Any CPU
		{66596F05-5D87-4703-A814-233187F879BD}.Release|Any CPU.Build.0 = Release|Any CPU
		{EBF1A451-5568-4157-978C-54AA67ABC8A0}.Debug|Any CPU.ActiveCfg = Debug|Any CPU
		{EBF1A451-5568-4157-978C-54AA67ABC8A0}.Debug|Any CPU.Build.0 = Debug|Any CPU
		{EBF1A451-5568-4157-978C-54AA67ABC8A0}.Release|Any CPU.ActiveCfg = Release|Any CPU
		{EBF1A451-5568-4157-978C-54AA67ABC8A0}.Release|Any CPU.Build.0 = Release|Any CPU
		{640259C9-E246-453F-852D-5AE41F48B0C7}.Debug|Any CPU.ActiveCfg = Debug|Any CPU
		{640259C9-E246-453F-852D-5AE41F48B0C7}.Debug|Any CPU.Build.0 = Debug|Any CPU
		{640259C9-E246-453F-852D-5AE41F48B0C7}.Release|Any CPU.ActiveCfg = Release|Any CPU
		{640259C9-E246-453F-852D-5AE41F48B0C7}.Release|Any CPU.Build.0 = Release|Any CPU
	EndGlobalSection
	GlobalSection(SolutionProperties) = preSolution
		HideSolutionNode = FALSE
	EndGlobalSection
	GlobalSection(ExtensibilityGlobals) = postSolution
		SolutionGuid = {2915D621-C7ED-49F3-9BD7-A25A15814F28}
	EndGlobalSection
EndGlobal
